// !$*UTF8*$!
{
	archiveVersion = 1;
	classes = {
	};
	objectVersion = 56;
	objects = {

/* Begin PBXBuildFile section */
		353E10F79F2F3FF8EC8DE47C /* Pods_InstagramCloneFirebase_InstagramCloneFirebaseUITests.framework in Frameworks */ = {isa = PBXBuildFile; fileRef = 35952BF8A6C7A5F44C786463 /* Pods_InstagramCloneFirebase_InstagramCloneFirebaseUITests.framework */; };
		AB86E3A12B3F10C9002FCBC3 /* AppDelegate.swift in Sources */ = {isa = PBXBuildFile; fileRef = AB86E3A02B3F10C9002FCBC3 /* AppDelegate.swift */; };
		AB86E3A32B3F10C9002FCBC3 /* SceneDelegate.swift in Sources */ = {isa = PBXBuildFile; fileRef = AB86E3A22B3F10C9002FCBC3 /* SceneDelegate.swift */; };
		AB86E3A52B3F10C9002FCBC3 /* ViewController.swift in Sources */ = {isa = PBXBuildFile; fileRef = AB86E3A42B3F10C9002FCBC3 /* ViewController.swift */; };
		AB86E3A82B3F10C9002FCBC3 /* Main.storyboard in Resources */ = {isa = PBXBuildFile; fileRef = AB86E3A62B3F10C9002FCBC3 /* Main.storyboard */; };
		AB86E3AA2B3F10CA002FCBC3 /* Assets.xcassets in Resources */ = {isa = PBXBuildFile; fileRef = AB86E3A92B3F10CA002FCBC3 /* Assets.xcassets */; };
		AB86E3AD2B3F10CA002FCBC3 /* LaunchScreen.storyboard in Resources */ = {isa = PBXBuildFile; fileRef = AB86E3AB2B3F10CA002FCBC3 /* LaunchScreen.storyboard */; };
		AB86E3B82B3F10CB002FCBC3 /* InstagramCloneFirebaseTests.swift in Sources */ = {isa = PBXBuildFile; fileRef = AB86E3B72B3F10CB002FCBC3 /* InstagramCloneFirebaseTests.swift */; };
		AB86E3C22B3F10CB002FCBC3 /* InstagramCloneFirebaseUITests.swift in Sources */ = {isa = PBXBuildFile; fileRef = AB86E3C12B3F10CB002FCBC3 /* InstagramCloneFirebaseUITests.swift */; };
		AB86E3C42B3F10CB002FCBC3 /* InstagramCloneFirebaseUITestsLaunchTests.swift in Sources */ = {isa = PBXBuildFile; fileRef = AB86E3C32B3F10CB002FCBC3 /* InstagramCloneFirebaseUITestsLaunchTests.swift */; };
		AB86E3D12B408383002FCBC3 /* GoogleService-Info.plist in Resources */ = {isa = PBXBuildFile; fileRef = AB86E3D02B408382002FCBC3 /* GoogleService-Info.plist */; };
		C2A8D7998879062AF8897378 /* Pods_InstagramCloneFirebase.framework in Frameworks */ = {isa = PBXBuildFile; fileRef = 0B78F10ED668FAC90AAABA71 /* Pods_InstagramCloneFirebase.framework */; };
		E891B283FA1045C64A866DEF /* Pods_InstagramCloneFirebaseTests.framework in Frameworks */ = {isa = PBXBuildFile; fileRef = 85D0A0F568FF388BB5B31CB0 /* Pods_InstagramCloneFirebaseTests.framework */; };
/* End PBXBuildFile section */

/* Begin PBXContainerItemProxy section */
		AB86E3B42B3F10CB002FCBC3 /* PBXContainerItemProxy */ = {
			isa = PBXContainerItemProxy;
			containerPortal = AB86E3952B3F10C9002FCBC3 /* Project object */;
			proxyType = 1;
			remoteGlobalIDString = AB86E39C2B3F10C9002FCBC3;
			remoteInfo = InstagramCloneFirebase;
		};
		AB86E3BE2B3F10CB002FCBC3 /* PBXContainerItemProxy */ = {
			isa = PBXContainerItemProxy;
			containerPortal = AB86E3952B3F10C9002FCBC3 /* Project object */;
			proxyType = 1;
			remoteGlobalIDString = AB86E39C2B3F10C9002FCBC3;
			remoteInfo = InstagramCloneFirebase;
		};
/* End PBXContainerItemProxy section */

/* Begin PBXFileReference section */
		0B78F10ED668FAC90AAABA71 /* Pods_InstagramCloneFirebase.framework */ = {isa = PBXFileReference; explicitFileType = wrapper.framework; includeInIndex = 0; path = Pods_InstagramCloneFirebase.framework; sourceTree = BUILT_PRODUCTS_DIR; };
		35952BF8A6C7A5F44C786463 /* Pods_InstagramCloneFirebase_InstagramCloneFirebaseUITests.framework */ = {isa = PBXFileReference; explicitFileType = wrapper.framework; includeInIndex = 0; path = Pods_InstagramCloneFirebase_InstagramCloneFirebaseUITests.framework; sourceTree = BUILT_PRODUCTS_DIR; };
		48CCB281FED1C3135220D46F /* Pods-InstagramCloneFirebase-InstagramCloneFirebaseUITests.release.xcconfig */ = {isa = PBXFileReference; includeInIndex = 1; lastKnownFileType = text.xcconfig; name = "Pods-InstagramCloneFirebase-InstagramCloneFirebaseUITests.release.xcconfig"; path = "Target Support Files/Pods-InstagramCloneFirebase-InstagramCloneFirebaseUITests/Pods-InstagramCloneFirebase-InstagramCloneFirebaseUITests.release.xcconfig"; sourceTree = "<group>"; };
		51BEACA40FFF742E612C0726 /* Pods-InstagramCloneFirebase.debug.xcconfig */ = {isa = PBXFileReference; includeInIndex = 1; lastKnownFileType = text.xcconfig; name = "Pods-InstagramCloneFirebase.debug.xcconfig"; path = "Target Support Files/Pods-InstagramCloneFirebase/Pods-InstagramCloneFirebase.debug.xcconfig"; sourceTree = "<group>"; };
		709E26C44BA09C6F3543FF5A /* Pods-InstagramCloneFirebaseTests.release.xcconfig */ = {isa = PBXFileReference; includeInIndex = 1; lastKnownFileType = text.xcconfig; name = "Pods-InstagramCloneFirebaseTests.release.xcconfig"; path = "Target Support Files/Pods-InstagramCloneFirebaseTests/Pods-InstagramCloneFirebaseTests.release.xcconfig"; sourceTree = "<group>"; };
		7B469B2FF1A5D0661FA4C5D1 /* Pods-InstagramCloneFirebase.release.xcconfig */ = {isa = PBXFileReference; includeInIndex = 1; lastKnownFileType = text.xcconfig; name = "Pods-InstagramCloneFirebase.release.xcconfig"; path = "Target Support Files/Pods-InstagramCloneFirebase/Pods-InstagramCloneFirebase.release.xcconfig"; sourceTree = "<group>"; };
		7F4D202FDCD12DCF941E6380 /* Pods-InstagramCloneFirebaseTests.debug.xcconfig */ = {isa = PBXFileReference; includeInIndex = 1; lastKnownFileType = text.xcconfig; name = "Pods-InstagramCloneFirebaseTests.debug.xcconfig"; path = "Target Support Files/Pods-InstagramCloneFirebaseTests/Pods-InstagramCloneFirebaseTests.debug.xcconfig"; sourceTree = "<group>"; };
		85097D9ED5ACDEC72453866A /* Pods-InstagramCloneFirebase-InstagramCloneFirebaseUITests.debug.xcconfig */ = {isa = PBXFileReference; includeInIndex = 1; lastKnownFileType = text.xcconfig; name = "Pods-InstagramCloneFirebase-InstagramCloneFirebaseUITests.debug.xcconfig"; path = "Target Support Files/Pods-InstagramCloneFirebase-InstagramCloneFirebaseUITests/Pods-InstagramCloneFirebase-InstagramCloneFirebaseUITests.debug.xcconfig"; sourceTree = "<group>"; };
		85D0A0F568FF388BB5B31CB0 /* Pods_InstagramCloneFirebaseTests.framework */ = {isa = PBXFileReference; explicitFileType = wrapper.framework; includeInIndex = 0; path = Pods_InstagramCloneFirebaseTests.framework; sourceTree = BUILT_PRODUCTS_DIR; };
		AB86E39D2B3F10C9002FCBC3 /* InstagramCloneFirebase.app */ = {isa = PBXFileReference; explicitFileType = wrapper.application; includeInIndex = 0; path = InstagramCloneFirebase.app; sourceTree = BUILT_PRODUCTS_DIR; };
		AB86E3A02B3F10C9002FCBC3 /* AppDelegate.swift */ = {isa = PBXFileReference; lastKnownFileType = sourcecode.swift; path = AppDelegate.swift; sourceTree = "<group>"; };
		AB86E3A22B3F10C9002FCBC3 /* SceneDelegate.swift */ = {isa = PBXFileReference; lastKnownFileType = sourcecode.swift; path = SceneDelegate.swift; sourceTree = "<group>"; };
		AB86E3A42B3F10C9002FCBC3 /* ViewController.swift */ = {isa = PBXFileReference; lastKnownFileType = sourcecode.swift; path = ViewController.swift; sourceTree = "<group>"; };
		AB86E3A72B3F10C9002FCBC3 /* Base */ = {isa = PBXFileReference; lastKnownFileType = file.storyboard; name = Base; path = Base.lproj/Main.storyboard; sourceTree = "<group>"; };
		AB86E3A92B3F10CA002FCBC3 /* Assets.xcassets */ = {isa = PBXFileReference; lastKnownFileType = folder.assetcatalog; path = Assets.xcassets; sourceTree = "<group>"; };
		AB86E3AC2B3F10CA002FCBC3 /* Base */ = {isa = PBXFileReference; lastKnownFileType = file.storyboard; name = Base; path = Base.lproj/LaunchScreen.storyboard; sourceTree = "<group>"; };
		AB86E3AE2B3F10CA002FCBC3 /* Info.plist */ = {isa = PBXFileReference; lastKnownFileType = text.plist.xml; path = Info.plist; sourceTree = "<group>"; };
		AB86E3B32B3F10CB002FCBC3 /* InstagramCloneFirebaseTests.xctest */ = {isa = PBXFileReference; explicitFileType = wrapper.cfbundle; includeInIndex = 0; path = InstagramCloneFirebaseTests.xctest; sourceTree = BUILT_PRODUCTS_DIR; };
		AB86E3B72B3F10CB002FCBC3 /* InstagramCloneFirebaseTests.swift */ = {isa = PBXFileReference; lastKnownFileType = sourcecode.swift; path = InstagramCloneFirebaseTests.swift; sourceTree = "<group>"; };
		AB86E3BD2B3F10CB002FCBC3 /* InstagramCloneFirebaseUITests.xctest */ = {isa = PBXFileReference; explicitFileType = wrapper.cfbundle; includeInIndex = 0; path = InstagramCloneFirebaseUITests.xctest; sourceTree = BUILT_PRODUCTS_DIR; };
		AB86E3C12B3F10CB002FCBC3 /* InstagramCloneFirebaseUITests.swift */ = {isa = PBXFileReference; lastKnownFileType = sourcecode.swift; path = InstagramCloneFirebaseUITests.swift; sourceTree = "<group>"; };
		AB86E3C32B3F10CB002FCBC3 /* InstagramCloneFirebaseUITestsLaunchTests.swift */ = {isa = PBXFileReference; lastKnownFileType = sourcecode.swift; path = InstagramCloneFirebaseUITestsLaunchTests.swift; sourceTree = "<group>"; };
		AB86E3D02B408382002FCBC3 /* GoogleService-Info.plist */ = {isa = PBXFileReference; fileEncoding = 4; lastKnownFileType = text.plist.xml; path = "GoogleService-Info.plist"; sourceTree = "<group>"; };
/* End PBXFileReference section */

/* Begin PBXFrameworksBuildPhase section */
		AB86E39A2B3F10C9002FCBC3 /* Frameworks */ = {
			isa = PBXFrameworksBuildPhase;
			buildActionMask = 2147483647;
			files = (
				C2A8D7998879062AF8897378 /* Pods_InstagramCloneFirebase.framework in Frameworks */,
			);
			runOnlyForDeploymentPostprocessing = 0;
		};
		AB86E3B02B3F10CB002FCBC3 /* Frameworks */ = {
			isa = PBXFrameworksBuildPhase;
			buildActionMask = 2147483647;
			files = (
				E891B283FA1045C64A866DEF /* Pods_InstagramCloneFirebaseTests.framework in Frameworks */,
			);
			runOnlyForDeploymentPostprocessing = 0;
		};
		AB86E3BA2B3F10CB002FCBC3 /* Frameworks */ = {
			isa = PBXFrameworksBuildPhase;
			buildActionMask = 2147483647;
			files = (
				353E10F79F2F3FF8EC8DE47C /* Pods_InstagramCloneFirebase_InstagramCloneFirebaseUITests.framework in Frameworks */,
			);
			runOnlyForDeploymentPostprocessing = 0;
		};
/* End PBXFrameworksBuildPhase section */

/* Begin PBXGroup section */
		64BAF00F79A6C5E352D5104C /* Frameworks */ = {
			isa = PBXGroup;
			children = (
				0B78F10ED668FAC90AAABA71 /* Pods_InstagramCloneFirebase.framework */,
				35952BF8A6C7A5F44C786463 /* Pods_InstagramCloneFirebase_InstagramCloneFirebaseUITests.framework */,
				85D0A0F568FF388BB5B31CB0 /* Pods_InstagramCloneFirebaseTests.framework */,
			);
			name = Frameworks;
			sourceTree = "<group>";
		};
		931FEAFA4D42F0707DF98AA8 /* Pods */ = {
			isa = PBXGroup;
			children = (
				51BEACA40FFF742E612C0726 /* Pods-InstagramCloneFirebase.debug.xcconfig */,
				7B469B2FF1A5D0661FA4C5D1 /* Pods-InstagramCloneFirebase.release.xcconfig */,
				85097D9ED5ACDEC72453866A /* Pods-InstagramCloneFirebase-InstagramCloneFirebaseUITests.debug.xcconfig */,
				48CCB281FED1C3135220D46F /* Pods-InstagramCloneFirebase-InstagramCloneFirebaseUITests.release.xcconfig */,
				7F4D202FDCD12DCF941E6380 /* Pods-InstagramCloneFirebaseTests.debug.xcconfig */,
				709E26C44BA09C6F3543FF5A /* Pods-InstagramCloneFirebaseTests.release.xcconfig */,
			);
			name = Pods;
			path = Pods;
			sourceTree = "<group>";
		};
		AB86E3942B3F10C9002FCBC3 = {
			isa = PBXGroup;
			children = (
				AB86E39F2B3F10C9002FCBC3 /* InstagramCloneFirebase */,
				AB86E3B62B3F10CB002FCBC3 /* InstagramCloneFirebaseTests */,
				AB86E3C02B3F10CB002FCBC3 /* InstagramCloneFirebaseUITests */,
				AB86E39E2B3F10C9002FCBC3 /* Products */,
				931FEAFA4D42F0707DF98AA8 /* Pods */,
				64BAF00F79A6C5E352D5104C /* Frameworks */,
			);
			sourceTree = "<group>";
		};
		AB86E39E2B3F10C9002FCBC3 /* Products */ = {
			isa = PBXGroup;
			children = (
				AB86E39D2B3F10C9002FCBC3 /* InstagramCloneFirebase.app */,
				AB86E3B32B3F10CB002FCBC3 /* InstagramCloneFirebaseTests.xctest */,
				AB86E3BD2B3F10CB002FCBC3 /* InstagramCloneFirebaseUITests.xctest */,
			);
			name = Products;
			sourceTree = "<group>";
		};
		AB86E39F2B3F10C9002FCBC3 /* InstagramCloneFirebase */ = {
			isa = PBXGroup;
			children = (
				AB86E3A02B3F10C9002FCBC3 /* AppDelegate.swift */,
				AB86E3A22B3F10C9002FCBC3 /* SceneDelegate.swift */,
				AB86E3A42B3F10C9002FCBC3 /* ViewController.swift */,
				AB86E3A62B3F10C9002FCBC3 /* Main.storyboard */,
				AB86E3A92B3F10CA002FCBC3 /* Assets.xcassets */,
				AB86E3AB2B3F10CA002FCBC3 /* LaunchScreen.storyboard */,
				AB86E3AE2B3F10CA002FCBC3 /* Info.plist */,
				AB86E3D02B408382002FCBC3 /* GoogleService-Info.plist */,
			);
			path = InstagramCloneFirebase;
			sourceTree = "<group>";
		};
		AB86E3B62B3F10CB002FCBC3 /* InstagramCloneFirebaseTests */ = {
			isa = PBXGroup;
			children = (
				AB86E3B72B3F10CB002FCBC3 /* InstagramCloneFirebaseTests.swift */,
			);
			path = InstagramCloneFirebaseTests;
			sourceTree = "<group>";
		};
		AB86E3C02B3F10CB002FCBC3 /* InstagramCloneFirebaseUITests */ = {
			isa = PBXGroup;
			children = (
				AB86E3C12B3F10CB002FCBC3 /* InstagramCloneFirebaseUITests.swift */,
				AB86E3C32B3F10CB002FCBC3 /* InstagramCloneFirebaseUITestsLaunchTests.swift */,
			);
			path = InstagramCloneFirebaseUITests;
			sourceTree = "<group>";
		};
/* End PBXGroup section */

/* Begin PBXNativeTarget section */
		AB86E39C2B3F10C9002FCBC3 /* InstagramCloneFirebase */ = {
			isa = PBXNativeTarget;
			buildConfigurationList = AB86E3C72B3F10CB002FCBC3 /* Build configuration list for PBXNativeTarget "InstagramCloneFirebase" */;
			buildPhases = (
				F981281683258F54CB53A52C /* [CP] Check Pods Manifest.lock */,
				AB86E3992B3F10C9002FCBC3 /* Sources */,
				AB86E39A2B3F10C9002FCBC3 /* Frameworks */,
				AB86E39B2B3F10C9002FCBC3 /* Resources */,
				47979D97064D8AB4D2ACE2BC /* [CP] Embed Pods Frameworks */,
			);
			buildRules = (
			);
			dependencies = (
			);
			name = InstagramCloneFirebase;
			productName = InstagramCloneFirebase;
			productReference = AB86E39D2B3F10C9002FCBC3 /* InstagramCloneFirebase.app */;
			productType = "com.apple.product-type.application";
		};
		AB86E3B22B3F10CB002FCBC3 /* InstagramCloneFirebaseTests */ = {
			isa = PBXNativeTarget;
			buildConfigurationList = AB86E3CA2B3F10CB002FCBC3 /* Build configuration list for PBXNativeTarget "InstagramCloneFirebaseTests" */;
			buildPhases = (
				AB629E1E140743EEEA8122B1 /* [CP] Check Pods Manifest.lock */,
				AB86E3AF2B3F10CB002FCBC3 /* Sources */,
				AB86E3B02B3F10CB002FCBC3 /* Frameworks */,
				AB86E3B12B3F10CB002FCBC3 /* Resources */,
			);
			buildRules = (
			);
			dependencies = (
				AB86E3B52B3F10CB002FCBC3 /* PBXTargetDependency */,
			);
			name = InstagramCloneFirebaseTests;
			productName = InstagramCloneFirebaseTests;
			productReference = AB86E3B32B3F10CB002FCBC3 /* InstagramCloneFirebaseTests.xctest */;
			productType = "com.apple.product-type.bundle.unit-test";
		};
		AB86E3BC2B3F10CB002FCBC3 /* InstagramCloneFirebaseUITests */ = {
			isa = PBXNativeTarget;
			buildConfigurationList = AB86E3CD2B3F10CB002FCBC3 /* Build configuration list for PBXNativeTarget "InstagramCloneFirebaseUITests" */;
			buildPhases = (
				D23044A0E0356CFCBDD656FF /* [CP] Check Pods Manifest.lock */,
				AB86E3B92B3F10CB002FCBC3 /* Sources */,
				AB86E3BA2B3F10CB002FCBC3 /* Frameworks */,
				AB86E3BB2B3F10CB002FCBC3 /* Resources */,
				3EB1D8CEF07CA20FEE4D9FF9 /* [CP] Embed Pods Frameworks */,
			);
			buildRules = (
			);
			dependencies = (
				AB86E3BF2B3F10CB002FCBC3 /* PBXTargetDependency */,
			);
			name = InstagramCloneFirebaseUITests;
			productName = InstagramCloneFirebaseUITests;
			productReference = AB86E3BD2B3F10CB002FCBC3 /* InstagramCloneFirebaseUITests.xctest */;
			productType = "com.apple.product-type.bundle.ui-testing";
		};
/* End PBXNativeTarget section */

/* Begin PBXProject section */
		AB86E3952B3F10C9002FCBC3 /* Project object */ = {
			isa = PBXProject;
			attributes = {
				BuildIndependentTargetsInParallel = 1;
				LastSwiftUpdateCheck = 1500;
				LastUpgradeCheck = 1500;
				TargetAttributes = {
					AB86E39C2B3F10C9002FCBC3 = {
						CreatedOnToolsVersion = 15.0.1;
					};
					AB86E3B22B3F10CB002FCBC3 = {
						CreatedOnToolsVersion = 15.0.1;
						TestTargetID = AB86E39C2B3F10C9002FCBC3;
					};
					AB86E3BC2B3F10CB002FCBC3 = {
						CreatedOnToolsVersion = 15.0.1;
						TestTargetID = AB86E39C2B3F10C9002FCBC3;
					};
				};
			};
			buildConfigurationList = AB86E3982B3F10C9002FCBC3 /* Build configuration list for PBXProject "InstagramCloneFirebase" */;
			compatibilityVersion = "Xcode 14.0";
			developmentRegion = en;
			hasScannedForEncodings = 0;
			knownRegions = (
				en,
				Base,
			);
			mainGroup = AB86E3942B3F10C9002FCBC3;
			productRefGroup = AB86E39E2B3F10C9002FCBC3 /* Products */;
			projectDirPath = "";
			projectRoot = "";
			targets = (
				AB86E39C2B3F10C9002FCBC3 /* InstagramCloneFirebase */,
				AB86E3B22B3F10CB002FCBC3 /* InstagramCloneFirebaseTests */,
				AB86E3BC2B3F10CB002FCBC3 /* InstagramCloneFirebaseUITests */,
			);
		};
/* End PBXProject section */

/* Begin PBXResourcesBuildPhase section */
		AB86E39B2B3F10C9002FCBC3 /* Resources */ = {
			isa = PBXResourcesBuildPhase;
			buildActionMask = 2147483647;
			files = (
				AB86E3AD2B3F10CA002FCBC3 /* LaunchScreen.storyboard in Resources */,
				AB86E3D12B408383002FCBC3 /* GoogleService-Info.plist in Resources */,
				AB86E3AA2B3F10CA002FCBC3 /* Assets.xcassets in Resources */,
				AB86E3A82B3F10C9002FCBC3 /* Main.storyboard in Resources */,
			);
			runOnlyForDeploymentPostprocessing = 0;
		};
		AB86E3B12B3F10CB002FCBC3 /* Resources */ = {
			isa = PBXResourcesBuildPhase;
			buildActionMask = 2147483647;
			files = (
			);
			runOnlyForDeploymentPostprocessing = 0;
		};
		AB86E3BB2B3F10CB002FCBC3 /* Resources */ = {
			isa = PBXResourcesBuildPhase;
			buildActionMask = 2147483647;
			files = (
			);
			runOnlyForDeploymentPostprocessing = 0;
		};
/* End PBXResourcesBuildPhase section */

/* Begin PBXShellScriptBuildPhase section */
		3EB1D8CEF07CA20FEE4D9FF9 /* [CP] Embed Pods Frameworks */ = {
			isa = PBXShellScriptBuildPhase;
			buildActionMask = 2147483647;
			files = (
			);
			inputFileListPaths = (
				"${PODS_ROOT}/Target Support Files/Pods-InstagramCloneFirebase-InstagramCloneFirebaseUITests/Pods-InstagramCloneFirebase-InstagramCloneFirebaseUITests-frameworks-${CONFIGURATION}-input-files.xcfilelist",
			);
			name = "[CP] Embed Pods Frameworks";
			outputFileListPaths = (
				"${PODS_ROOT}/Target Support Files/Pods-InstagramCloneFirebase-InstagramCloneFirebaseUITests/Pods-InstagramCloneFirebase-InstagramCloneFirebaseUITests-frameworks-${CONFIGURATION}-output-files.xcfilelist",
			);
			runOnlyForDeploymentPostprocessing = 0;
			shellPath = /bin/sh;
			shellScript = "\"${PODS_ROOT}/Target Support Files/Pods-InstagramCloneFirebase-InstagramCloneFirebaseUITests/Pods-InstagramCloneFirebase-InstagramCloneFirebaseUITests-frameworks.sh\"\n";
			showEnvVarsInLog = 0;
		};
		47979D97064D8AB4D2ACE2BC /* [CP] Embed Pods Frameworks */ = {
			isa = PBXShellScriptBuildPhase;
			buildActionMask = 2147483647;
			files = (
			);
			inputFileListPaths = (
				"${PODS_ROOT}/Target Support Files/Pods-InstagramCloneFirebase/Pods-InstagramCloneFirebase-frameworks-${CONFIGURATION}-input-files.xcfilelist",
			);
			name = "[CP] Embed Pods Frameworks";
			outputFileListPaths = (
				"${PODS_ROOT}/Target Support Files/Pods-InstagramCloneFirebase/Pods-InstagramCloneFirebase-frameworks-${CONFIGURATION}-output-files.xcfilelist",
			);
			runOnlyForDeploymentPostprocessing = 0;
			shellPath = /bin/sh;
			shellScript = "\"${PODS_ROOT}/Target Support Files/Pods-InstagramCloneFirebase/Pods-InstagramCloneFirebase-frameworks.sh\"\n";
			showEnvVarsInLog = 0;
		};
		AB629E1E140743EEEA8122B1 /* [CP] Check Pods Manifest.lock */ = {
			isa = PBXShellScriptBuildPhase;
			buildActionMask = 2147483647;
			files = (
			);
			inputFileListPaths = (
			);
			inputPaths = (
				"${PODS_PODFILE_DIR_PATH}/Podfile.lock",
				"${PODS_ROOT}/Manifest.lock",
			);
			name = "[CP] Check Pods Manifest.lock";
			outputFileListPaths = (
			);
			outputPaths = (
				"$(DERIVED_FILE_DIR)/Pods-InstagramCloneFirebaseTests-checkManifestLockResult.txt",
			);
			runOnlyForDeploymentPostprocessing = 0;
			shellPath = /bin/sh;
			shellScript = "diff \"${PODS_PODFILE_DIR_PATH}/Podfile.lock\" \"${PODS_ROOT}/Manifest.lock\" > /dev/null\nif [ $? != 0 ] ; then\n    # print error to STDERR\n    echo \"error: The sandbox is not in sync with the Podfile.lock. Run 'pod install' or update your CocoaPods installation.\" >&2\n    exit 1\nfi\n# This output is used by Xcode 'outputs' to avoid re-running this script phase.\necho \"SUCCESS\" > \"${SCRIPT_OUTPUT_FILE_0}\"\n";
			showEnvVarsInLog = 0;
		};
		D23044A0E0356CFCBDD656FF /* [CP] Check Pods Manifest.lock */ = {
			isa = PBXShellScriptBuildPhase;
			buildActionMask = 2147483647;
			files = (
			);
			inputFileListPaths = (
			);
			inputPaths = (
				"${PODS_PODFILE_DIR_PATH}/Podfile.lock",
				"${PODS_ROOT}/Manifest.lock",
			);
			name = "[CP] Check Pods Manifest.lock";
			outputFileListPaths = (
			);
			outputPaths = (
				"$(DERIVED_FILE_DIR)/Pods-InstagramCloneFirebase-InstagramCloneFirebaseUITests-checkManifestLockResult.txt",
			);
			runOnlyForDeploymentPostprocessing = 0;
			shellPath = /bin/sh;
			shellScript = "diff \"${PODS_PODFILE_DIR_PATH}/Podfile.lock\" \"${PODS_ROOT}/Manifest.lock\" > /dev/null\nif [ $? != 0 ] ; then\n    # print error to STDERR\n    echo \"error: The sandbox is not in sync with the Podfile.lock. Run 'pod install' or update your CocoaPods installation.\" >&2\n    exit 1\nfi\n# This output is used by Xcode 'outputs' to avoid re-running this script phase.\necho \"SUCCESS\" > \"${SCRIPT_OUTPUT_FILE_0}\"\n";
			showEnvVarsInLog = 0;
		};
		F981281683258F54CB53A52C /* [CP] Check Pods Manifest.lock */ = {
			isa = PBXShellScriptBuildPhase;
			buildActionMask = 2147483647;
			files = (
			);
			inputFileListPaths = (
			);
			inputPaths = (
				"${PODS_PODFILE_DIR_PATH}/Podfile.lock",
				"${PODS_ROOT}/Manifest.lock",
			);
			name = "[CP] Check Pods Manifest.lock";
			outputFileListPaths = (
			);
			outputPaths = (
				"$(DERIVED_FILE_DIR)/Pods-InstagramCloneFirebase-checkManifestLockResult.txt",
			);
			runOnlyForDeploymentPostprocessing = 0;
			shellPath = /bin/sh;
			shellScript = "diff \"${PODS_PODFILE_DIR_PATH}/Podfile.lock\" \"${PODS_ROOT}/Manifest.lock\" > /dev/null\nif [ $? != 0 ] ; then\n    # print error to STDERR\n    echo \"error: The sandbox is not in sync with the Podfile.lock. Run 'pod install' or update your CocoaPods installation.\" >&2\n    exit 1\nfi\n# This output is used by Xcode 'outputs' to avoid re-running this script phase.\necho \"SUCCESS\" > \"${SCRIPT_OUTPUT_FILE_0}\"\n";
			showEnvVarsInLog = 0;
		};
/* End PBXShellScriptBuildPhase section */

/* Begin PBXSourcesBuildPhase section */
		AB86E3992B3F10C9002FCBC3 /* Sources */ = {
			isa = PBXSourcesBuildPhase;
			buildActionMask = 2147483647;
			files = (
				AB86E3A52B3F10C9002FCBC3 /* ViewController.swift in Sources */,
				AB86E3A12B3F10C9002FCBC3 /* AppDelegate.swift in Sources */,
				AB86E3A32B3F10C9002FCBC3 /* SceneDelegate.swift in Sources */,
			);
			runOnlyForDeploymentPostprocessing = 0;
		};
		AB86E3AF2B3F10CB002FCBC3 /* Sources */ = {
			isa = PBXSourcesBuildPhase;
			buildActionMask = 2147483647;
			files = (
				AB86E3B82B3F10CB002FCBC3 /* InstagramCloneFirebaseTests.swift in Sources */,
			);
			runOnlyForDeploymentPostprocessing = 0;
		};
		AB86E3B92B3F10CB002FCBC3 /* Sources */ = {
			isa = PBXSourcesBuildPhase;
			buildActionMask = 2147483647;
			files = (
				AB86E3C42B3F10CB002FCBC3 /* InstagramCloneFirebaseUITestsLaunchTests.swift in Sources */,
				AB86E3C22B3F10CB002FCBC3 /* InstagramCloneFirebaseUITests.swift in Sources */,
			);
			runOnlyForDeploymentPostprocessing = 0;
		};
/* End PBXSourcesBuildPhase section */

/* Begin PBXTargetDependency section */
		AB86E3B52B3F10CB002FCBC3 /* PBXTargetDependency */ = {
			isa = PBXTargetDependency;
			target = AB86E39C2B3F10C9002FCBC3 /* InstagramCloneFirebase */;
			targetProxy = AB86E3B42B3F10CB002FCBC3 /* PBXContainerItemProxy */;
		};
		AB86E3BF2B3F10CB002FCBC3 /* PBXTargetDependency */ = {
			isa = PBXTargetDependency;
			target = AB86E39C2B3F10C9002FCBC3 /* InstagramCloneFirebase */;
			targetProxy = AB86E3BE2B3F10CB002FCBC3 /* PBXContainerItemProxy */;
		};
/* End PBXTargetDependency section */

/* Begin PBXVariantGroup section */
		AB86E3A62B3F10C9002FCBC3 /* Main.storyboard */ = {
			isa = PBXVariantGroup;
			children = (
				AB86E3A72B3F10C9002FCBC3 /* Base */,
			);
			name = Main.storyboard;
			sourceTree = "<group>";
		};
		AB86E3AB2B3F10CA002FCBC3 /* LaunchScreen.storyboard */ = {
			isa = PBXVariantGroup;
			children = (
				AB86E3AC2B3F10CA002FCBC3 /* Base */,
			);
			name = LaunchScreen.storyboard;
			sourceTree = "<group>";
		};
/* End PBXVariantGroup section */

/* Begin XCBuildConfiguration section */
		AB86E3C52B3F10CB002FCBC3 /* Debug */ = {
			isa = XCBuildConfiguration;
			buildSettings = {
				ALWAYS_SEARCH_USER_PATHS = NO;
				ASSETCATALOG_COMPILER_GENERATE_SWIFT_ASSET_SYMBOL_EXTENSIONS = YES;
				CLANG_ANALYZER_NONNULL = YES;
				CLANG_ANALYZER_NUMBER_OBJECT_CONVERSION = YES_AGGRESSIVE;
				CLANG_CXX_LANGUAGE_STANDARD = "gnu++20";
				CLANG_ENABLE_MODULES = YES;
				CLANG_ENABLE_OBJC_ARC = YES;
				CLANG_ENABLE_OBJC_WEAK = YES;
				CLANG_WARN_BLOCK_CAPTURE_AUTORELEASING = YES;
				CLANG_WARN_BOOL_CONVERSION = YES;
				CLANG_WARN_COMMA = YES;
				CLANG_WARN_CONSTANT_CONVERSION = YES;
				CLANG_WARN_DEPRECATED_OBJC_IMPLEMENTATIONS = YES;
				CLANG_WARN_DIRECT_OBJC_ISA_USAGE = YES_ERROR;
				CLANG_WARN_DOCUMENTATION_COMMENTS = YES;
				CLANG_WARN_EMPTY_BODY = YES;
				CLANG_WARN_ENUM_CONVERSION = YES;
				CLANG_WARN_INFINITE_RECURSION = YES;
				CLANG_WARN_INT_CONVERSION = YES;
				CLANG_WARN_NON_LITERAL_NULL_CONVERSION = YES;
				CLANG_WARN_OBJC_IMPLICIT_RETAIN_SELF = YES;
				CLANG_WARN_OBJC_LITERAL_CONVERSION = YES;
				CLANG_WARN_OBJC_ROOT_CLASS = YES_ERROR;
				CLANG_WARN_QUOTED_INCLUDE_IN_FRAMEWORK_HEADER = YES;
				CLANG_WARN_RANGE_LOOP_ANALYSIS = YES;
				CLANG_WARN_STRICT_PROTOTYPES = YES;
				CLANG_WARN_SUSPICIOUS_MOVE = YES;
				CLANG_WARN_UNGUARDED_AVAILABILITY = YES_AGGRESSIVE;
				CLANG_WARN_UNREACHABLE_CODE = YES;
				CLANG_WARN__DUPLICATE_METHOD_MATCH = YES;
				COPY_PHASE_STRIP = NO;
				DEBUG_INFORMATION_FORMAT = dwarf;
				ENABLE_STRICT_OBJC_MSGSEND = YES;
				ENABLE_TESTABILITY = YES;
				ENABLE_USER_SCRIPT_SANDBOXING = YES;
				GCC_C_LANGUAGE_STANDARD = gnu17;
				GCC_DYNAMIC_NO_PIC = NO;
				GCC_NO_COMMON_BLOCKS = YES;
				GCC_OPTIMIZATION_LEVEL = 0;
				GCC_PREPROCESSOR_DEFINITIONS = (
					"DEBUG=1",
					"$(inherited)",
				);
				GCC_WARN_64_TO_32_BIT_CONVERSION = YES;
				GCC_WARN_ABOUT_RETURN_TYPE = YES_ERROR;
				GCC_WARN_UNDECLARED_SELECTOR = YES;
				GCC_WARN_UNINITIALIZED_AUTOS = YES_AGGRESSIVE;
				GCC_WARN_UNUSED_FUNCTION = YES;
				GCC_WARN_UNUSED_VARIABLE = YES;
				IPHONEOS_DEPLOYMENT_TARGET = 17.0;
				LOCALIZATION_PREFERS_STRING_CATALOGS = YES;
				MTL_ENABLE_DEBUG_INFO = INCLUDE_SOURCE;
				MTL_FAST_MATH = YES;
				ONLY_ACTIVE_ARCH = YES;
				SDKROOT = iphoneos;
				SWIFT_ACTIVE_COMPILATION_CONDITIONS = "DEBUG $(inherited)";
				SWIFT_OPTIMIZATION_LEVEL = "-Onone";
			};
			name = Debug;
		};
		AB86E3C62B3F10CB002FCBC3 /* Release */ = {
			isa = XCBuildConfiguration;
			buildSettings = {
				ALWAYS_SEARCH_USER_PATHS = NO;
				ASSETCATALOG_COMPILER_GENERATE_SWIFT_ASSET_SYMBOL_EXTENSIONS = YES;
				CLANG_ANALYZER_NONNULL = YES;
				CLANG_ANALYZER_NUMBER_OBJECT_CONVERSION = YES_AGGRESSIVE;
				CLANG_CXX_LANGUAGE_STANDARD = "gnu++20";
				CLANG_ENABLE_MODULES = YES;
				CLANG_ENABLE_OBJC_ARC = YES;
				CLANG_ENABLE_OBJC_WEAK = YES;
				CLANG_WARN_BLOCK_CAPTURE_AUTORELEASING = YES;
				CLANG_WARN_BOOL_CONVERSION = YES;
				CLANG_WARN_COMMA = YES;
				CLANG_WARN_CONSTANT_CONVERSION = YES;
				CLANG_WARN_DEPRECATED_OBJC_IMPLEMENTATIONS = YES;
				CLANG_WARN_DIRECT_OBJC_ISA_USAGE = YES_ERROR;
				CLANG_WARN_DOCUMENTATION_COMMENTS = YES;
				CLANG_WARN_EMPTY_BODY = YES;
				CLANG_WARN_ENUM_CONVERSION = YES;
				CLANG_WARN_INFINITE_RECURSION = YES;
				CLANG_WARN_INT_CONVERSION = YES;
				CLANG_WARN_NON_LITERAL_NULL_CONVERSION = YES;
				CLANG_WARN_OBJC_IMPLICIT_RETAIN_SELF = YES;
				CLANG_WARN_OBJC_LITERAL_CONVERSION = YES;
				CLANG_WARN_OBJC_ROOT_CLASS = YES_ERROR;
				CLANG_WARN_QUOTED_INCLUDE_IN_FRAMEWORK_HEADER = YES;
				CLANG_WARN_RANGE_LOOP_ANALYSIS = YES;
				CLANG_WARN_STRICT_PROTOTYPES = YES;
				CLANG_WARN_SUSPICIOUS_MOVE = YES;
				CLANG_WARN_UNGUARDED_AVAILABILITY = YES_AGGRESSIVE;
				CLANG_WARN_UNREACHABLE_CODE = YES;
				CLANG_WARN__DUPLICATE_METHOD_MATCH = YES;
				COPY_PHASE_STRIP = NO;
				DEBUG_INFORMATION_FORMAT = "dwarf-with-dsym";
				ENABLE_NS_ASSERTIONS = NO;
				ENABLE_STRICT_OBJC_MSGSEND = YES;
				ENABLE_USER_SCRIPT_SANDBOXING = YES;
				GCC_C_LANGUAGE_STANDARD = gnu17;
				GCC_NO_COMMON_BLOCKS = YES;
				GCC_WARN_64_TO_32_BIT_CONVERSION = YES;
				GCC_WARN_ABOUT_RETURN_TYPE = YES_ERROR;
				GCC_WARN_UNDECLARED_SELECTOR = YES;
				GCC_WARN_UNINITIALIZED_AUTOS = YES_AGGRESSIVE;
				GCC_WARN_UNUSED_FUNCTION = YES;
				GCC_WARN_UNUSED_VARIABLE = YES;
				IPHONEOS_DEPLOYMENT_TARGET = 17.0;
				LOCALIZATION_PREFERS_STRING_CATALOGS = YES;
				MTL_ENABLE_DEBUG_INFO = NO;
				MTL_FAST_MATH = YES;
				SDKROOT = iphoneos;
				SWIFT_COMPILATION_MODE = wholemodule;
				VALIDATE_PRODUCT = YES;
			};
			name = Release;
		};
		AB86E3C82B3F10CB002FCBC3 /* Debug */ = {
			isa = XCBuildConfiguration;
			baseConfigurationReference = 51BEACA40FFF742E612C0726 /* Pods-InstagramCloneFirebase.debug.xcconfig */;
			buildSettings = {
				ASSETCATALOG_COMPILER_APPICON_NAME = AppIcon;
				ASSETCATALOG_COMPILER_GLOBAL_ACCENT_COLOR_NAME = AccentColor;
				CODE_SIGN_STYLE = Automatic;
				CURRENT_PROJECT_VERSION = 1;
				DEVELOPMENT_TEAM = R36X7P8799;
				GENERATE_INFOPLIST_FILE = YES;
				INFOPLIST_FILE = InstagramCloneFirebase/Info.plist;
				INFOPLIST_KEY_CFBundleDisplayName = InstaGramClone;
				INFOPLIST_KEY_UIApplicationSupportsIndirectInputEvents = YES;
				INFOPLIST_KEY_UILaunchStoryboardName = LaunchScreen;
				INFOPLIST_KEY_UIMainStoryboardFile = Main;
				INFOPLIST_KEY_UISupportedInterfaceOrientations = UIInterfaceOrientationPortrait;
				LD_RUNPATH_SEARCH_PATHS = (
					"$(inherited)",
					"@executable_path/Frameworks",
				);
				MARKETING_VERSION = 1.0;
				PRODUCT_BUNDLE_IDENTIFIER = com.yogeshrathore.InstagramCloneFirebase;
				PRODUCT_NAME = "$(TARGET_NAME)";
				SWIFT_EMIT_LOC_STRINGS = YES;
				SWIFT_VERSION = 5.0;
				TARGETED_DEVICE_FAMILY = "1,2";
			};
			name = Debug;
		};
		AB86E3C92B3F10CB002FCBC3 /* Release */ = {
			isa = XCBuildConfiguration;
			baseConfigurationReference = 7B469B2FF1A5D0661FA4C5D1 /* Pods-InstagramCloneFirebase.release.xcconfig */;
			buildSettings = {
				ASSETCATALOG_COMPILER_APPICON_NAME = AppIcon;
				ASSETCATALOG_COMPILER_GLOBAL_ACCENT_COLOR_NAME = AccentColor;
				CODE_SIGN_STYLE = Automatic;
				CURRENT_PROJECT_VERSION = 1;
				DEVELOPMENT_TEAM = R36X7P8799;
				GENERATE_INFOPLIST_FILE = YES;
				INFOPLIST_FILE = InstagramCloneFirebase/Info.plist;
				INFOPLIST_KEY_CFBundleDisplayName = InstaGramClone;
				INFOPLIST_KEY_UIApplicationSupportsIndirectInputEvents = YES;
				INFOPLIST_KEY_UILaunchStoryboardName = LaunchScreen;
				INFOPLIST_KEY_UIMainStoryboardFile = Main;
				INFOPLIST_KEY_UISupportedInterfaceOrientations = UIInterfaceOrientationPortrait;
				LD_RUNPATH_SEARCH_PATHS = (
					"$(inherited)",
					"@executable_path/Frameworks",
				);
				MARKETING_VERSION = 1.0;
				PRODUCT_BUNDLE_IDENTIFIER = com.yogeshrathore.InstagramCloneFirebase;
				PRODUCT_NAME = "$(TARGET_NAME)";
				SWIFT_EMIT_LOC_STRINGS = YES;
				SWIFT_VERSION = 5.0;
				TARGETED_DEVICE_FAMILY = "1,2";
			};
			name = Release;
		};
		AB86E3CB2B3F10CB002FCBC3 /* Debug */ = {
			isa = XCBuildConfiguration;
			baseConfigurationReference = 7F4D202FDCD12DCF941E6380 /* Pods-InstagramCloneFirebaseTests.debug.xcconfig */;
			buildSettings = {
				ALWAYS_EMBED_SWIFT_STANDARD_LIBRARIES = YES;
				BUNDLE_LOADER = "$(TEST_HOST)";
				CODE_SIGN_STYLE = Automatic;
				CURRENT_PROJECT_VERSION = 1;
				DEVELOPMENT_TEAM = R36X7P8799;
				GENERATE_INFOPLIST_FILE = YES;
				IPHONEOS_DEPLOYMENT_TARGET = 17.0;
				MARKETING_VERSION = 1.0;
				PRODUCT_BUNDLE_IDENTIFIER = com.yogeshrathore.InstagramCloneFirebaseTests;
				PRODUCT_NAME = "$(TARGET_NAME)";
				SWIFT_EMIT_LOC_STRINGS = NO;
				SWIFT_VERSION = 5.0;
				TARGETED_DEVICE_FAMILY = "1,2";
				TEST_HOST = "$(BUILT_PRODUCTS_DIR)/InstagramCloneFirebase.app/$(BUNDLE_EXECUTABLE_FOLDER_PATH)/InstagramCloneFirebase";
			};
			name = Debug;
		};
		AB86E3CC2B3F10CB002FCBC3 /* Release */ = {
			isa = XCBuildConfiguration;
			baseConfigurationReference = 709E26C44BA09C6F3543FF5A /* Pods-InstagramCloneFirebaseTests.release.xcconfig */;
			buildSettings = {
				ALWAYS_EMBED_SWIFT_STANDARD_LIBRARIES = YES;
				BUNDLE_LOADER = "$(TEST_HOST)";
				CODE_SIGN_STYLE = Automatic;
				CURRENT_PROJECT_VERSION = 1;
				DEVELOPMENT_TEAM = R36X7P8799;
				GENERATE_INFOPLIST_FILE = YES;
				IPHONEOS_DEPLOYMENT_TARGET = 17.0;
				MARKETING_VERSION = 1.0;
				PRODUCT_BUNDLE_IDENTIFIER = com.yogeshrathore.InstagramCloneFirebaseTests;
				PRODUCT_NAME = "$(TARGET_NAME)";
				SWIFT_EMIT_LOC_STRINGS = NO;
				SWIFT_VERSION = 5.0;
				TARGETED_DEVICE_FAMILY = "1,2";
				TEST_HOST = "$(BUILT_PRODUCTS_DIR)/InstagramCloneFirebase.app/$(BUNDLE_EXECUTABLE_FOLDER_PATH)/InstagramCloneFirebase";
			};
			name = Release;
		};
		AB86E3CE2B3F10CB002FCBC3 /* Debug */ = {
			isa = XCBuildConfiguration;
			baseConfigurationReference = 85097D9ED5ACDEC72453866A /* Pods-InstagramCloneFirebase-InstagramCloneFirebaseUITests.debug.xcconfig */;
			buildSettings = {
				ALWAYS_EMBED_SWIFT_STANDARD_LIBRARIES = YES;
				CODE_SIGN_STYLE = Automatic;
				CURRENT_PROJECT_VERSION = 1;
				DEVELOPMENT_TEAM = R36X7P8799;
				GENERATE_INFOPLIST_FILE = YES;
				MARKETING_VERSION = 1.0;
				PRODUCT_BUNDLE_IDENTIFIER = com.yogeshrathore.InstagramCloneFirebaseUITests;
				PRODUCT_NAME = "$(TARGET_NAME)";
				SWIFT_EMIT_LOC_STRINGS = NO;
				SWIFT_VERSION = 5.0;
				TARGETED_DEVICE_FAMILY = "1,2";
				TEST_TARGET_NAME = InstagramCloneFirebase;
			};
			name = Debug;
		};
		AB86E3CF2B3F10CB002FCBC3 /* Release */ = {
			isa = XCBuildConfiguration;
			baseConfigurationReference = 48CCB281FED1C3135220D46F /* Pods-InstagramCloneFirebase-InstagramCloneFirebaseUITests.release.xcconfig */;
			buildSettings = {
				ALWAYS_EMBED_SWIFT_STANDARD_LIBRARIES = YES;
				CODE_SIGN_STYLE = Automatic;
				CURRENT_PROJECT_VERSION = 1;
				DEVELOPMENT_TEAM = R36X7P8799;
				GENERATE_INFOPLIST_FILE = YES;
				MARKETING_VERSION = 1.0;
				PRODUCT_BUNDLE_IDENTIFIER = com.yogeshrathore.InstagramCloneFirebaseUITests;
				PRODUCT_NAME = "$(TARGET_NAME)";
				SWIFT_EMIT_LOC_STRINGS = NO;
				SWIFT_VERSION = 5.0;
				TARGETED_DEVICE_FAMILY = "1,2";
				TEST_TARGET_NAME = InstagramCloneFirebase;
			};
			name = Release;
		};
/* End XCBuildConfiguration section */

/* Begin XCConfigurationList section */
		AB86E3982B3F10C9002FCBC3 /* Build configuration list for PBXProject "InstagramCloneFirebase" */ = {
			isa = XCConfigurationList;
			buildConfigurations = (
				AB86E3C52B3F10CB002FCBC3 /* Debug */,
				AB86E3C62B3F10CB002FCBC3 /* Release */,
			);
			defaultConfigurationIsVisible = 0;
			defaultConfigurationName = Release;
		};
		AB86E3C72B3F10CB002FCBC3 /* Build configuration list for PBXNativeTarget "InstagramCloneFirebase" */ = {
			isa = XCConfigurationList;
			buildConfigurations = (
				AB86E3C82B3F10CB002FCBC3 /* Debug */,
				AB86E3C92B3F10CB002FCBC3 /* Release */,
			);
			defaultConfigurationIsVisible = 0;
			defaultConfigurationName = Release;
		};
		AB86E3CA2B3F10CB002FCBC3 /* Build configuration list for PBXNativeTarget "InstagramCloneFirebaseTests" */ = {
			isa = XCConfigurationList;
			buildConfigurations = (
				AB86E3CB2B3F10CB002FCBC3 /* Debug */,
				AB86E3CC2B3F10CB002FCBC3 /* Release */,
			);
			defaultConfigurationIsVisible = 0;
			defaultConfigurationName = Release;
		};
		AB86E3CD2B3F10CB002FCBC3 /* Build configuration list for PBXNativeTarget "InstagramCloneFirebaseUITests" */ = {
			isa = XCConfigurationList;
			buildConfigurations = (
				AB86E3CE2B3F10CB002FCBC3 /* Debug */,
				AB86E3CF2B3F10CB002FCBC3 /* Release */,
			);
			defaultConfigurationIsVisible = 0;
			defaultConfigurationName = Release;
		};
/* End XCConfigurationList section */
	};
	rootObject = AB86E3952B3F10C9002FCBC3 /* Project object */;
}
